
Microsoft Visual Studio Solution File, Format Version 12.00
# Visual Studio Version 17
VisualStudioVersion = 17.9.34723.18
MinimumVisualStudioVersion = 10.0.40219.1
Project("{FAE04EC0-301F-11D3-BF4B-00C04F79EFBC}") = "finalexam", "finalexam\finalexam.csproj", "{AB0C4033-DE6C-4FAA-BCFE-2C4BCDAA1840}"
EndProject
Global
	GlobalSection(SolutionConfigurationPlatforms) = preSolution
		Debug|Any CPU = Debug|Any CPU
		Release|Any CPU = Release|Any CPU
	EndGlobalSection
	GlobalSection(ProjectConfigurationPlatforms) = postSolution
		{AB0C4033-DE6C-4FAA-BCFE-2C4BCDAA1840}.Debug|Any CPU.ActiveCfg = Debug|Any CPU
		{AB0C4033-DE6C-4FAA-BCFE-2C4BCDAA1840}.Debug|Any CPU.Build.0 = Debug|Any CPU
		{AB0C4033-DE6C-4FAA-BCFE-2C4BCDAA1840}.Release|Any CPU.ActiveCfg = Release|Any CPU
		{AB0C4033-DE6C-4FAA-BCFE-2C4BCDAA1840}.Release|Any CPU.Build.0 = Release|Any CPU
	EndGlobalSection
	GlobalSection(SolutionProperties) = preSolution
		HideSolutionNode = FALSE
	EndGlobalSection
	GlobalSection(ExtensibilityGlobals) = postSolution
		SolutionGuid = {CD4B7146-C2D8-49EF-861C-C30B77CBDD86}
	EndGlobalSection
EndGlobal
